
Microsoft Visual Studio Solution File, Format Version 12.00
# Visual Studio Version 17
VisualStudioVersion = 17.14.37027.9 d17.14
MinimumVisualStudioVersion = 10.0.40219.1
Project("{8BC9CEB8-8B4A-11D0-8D11-00A0C91BC942}") = "ConsoleApplication5", "ConsoleApplication5.vcxproj", "{9B80F247-3CAB-4AF5-AFDB-9112F8E87C75}"
EndProject
Global
	GlobalSection(SolutionConfigurationPlatforms) = preSolution
		Debug|x64 = Debug|x64
		Debug|x86 = Debug|x86
		Release|x64 = Release|x64
		Release|x86 = Release|x86
	EndGlobalSection
	GlobalSection(ProjectConfigurationPlatforms) = postSolution
		{9B80F247-3CAB-4AF5-AFDB-9112F8E87C75}.Debug|x64.ActiveCfg = Debug|x64
		{9B80F247-3CAB-4AF5-AFDB-9112F8E87C75}.Debug|x64.Build.0 = Debug|x64
		{9B80F247-3CAB-4AF5-AFDB-9112F8E87C75}.Debug|x86.ActiveCfg = Debug|Win32
		{9B80F247-3CAB-4AF5-AFDB-9112F8E87C75}.Debug|x86.Build.0 = Debug|Win32
		{9B80F247-3CAB-4AF5-AFDB-9112F8E87C75}.Release|x64.ActiveCfg = Release|x64
		{9B80F247-3CAB-4AF5-AFDB-9112F8E87C75}.Release|x64.Build.0 = Release|x64
		{9B80F247-3CAB-4AF5-AFDB-9112F8E87C75}.Release|x86.ActiveCfg = Release|Win32
		{9B80F247-3CAB-4AF5-AFDB-9112F8E87C75}.Release|x86.Build.0 = Release|Win32
	EndGlobalSection
	GlobalSection(SolutionProperties) = preSolution
		HideSolutionNode = FALSE
	EndGlobalSection
	GlobalSection(ExtensibilityGlobals) = postSolution
		SolutionGuid = {2112F099-D3F3-4F18-8C0A-CFFC81FFFEFE}
	EndGlobalSection
EndGlobal
